// !$*UTF8*$!
{
	archiveVersion = 1;
	classes = {
	};
	objectVersion = 46;
	objects = {

/* Begin PBXBuildFile section */
		4C00BC641CF6B5AB008DE973 /* UIButton+Extension.swift in Sources */ = {isa = PBXBuildFile; fileRef = 4C00BC631CF6B5AB008DE973 /* UIButton+Extension.swift */; };
		4C054FC31CF49C73002DF5D2 /* Status.swift in Sources */ = {isa = PBXBuildFile; fileRef = 4C054FC21CF49C73002DF5D2 /* Status.swift */; };
		4C054FC51CF49E45002DF5D2 /* StatusListViewModel.swift in Sources */ = {isa = PBXBuildFile; fileRef = 4C054FC41CF49E45002DF5D2 /* StatusListViewModel.swift */; };
		4C054FC81CF5F4EC002DF5D2 /* UILabel+Extension.swift in Sources */ = {isa = PBXBuildFile; fileRef = 4C054FC71CF5F4EC002DF5D2 /* UILabel+Extension.swift */; };
		4C054FCA1CF5F991002DF5D2 /* User.swift in Sources */ = {isa = PBXBuildFile; fileRef = 4C054FC91CF5F991002DF5D2 /* User.swift */; };
		4C054FCC1CF60499002DF5D2 /* StatusViewModel.swift in Sources */ = {isa = PBXBuildFile; fileRef = 4C054FCB1CF60499002DF5D2 /* StatusViewModel.swift */; };
		4C0555D51CF05C05002FEFEF /* CommTools.swift in Sources */ = {isa = PBXBuildFile; fileRef = 4C0555D41CF05C05002FEFEF /* CommTools.swift */; };
		4C0555D71CF06599002FEFEF /* UserAccount.swift in Sources */ = {isa = PBXBuildFile; fileRef = 4C0555D61CF06599002FEFEF /* UserAccount.swift */; };
		4C1401B21CF5499C00E34ADB /* UIView+AutoLayout.swift in Sources */ = {isa = PBXBuildFile; fileRef = 4C1401B11CF5499C00E34ADB /* UIView+AutoLayout.swift */; };
		4C1401B41CF5903300E34ADB /* BaseModel.swift in Sources */ = {isa = PBXBuildFile; fileRef = 4C1401B31CF5903300E34ADB /* BaseModel.swift */; };
		4C1401B71CF5B9DB00E34ADB /* StatusCell.swift in Sources */ = {isa = PBXBuildFile; fileRef = 4C1401B61CF5B9DB00E34ADB /* StatusCell.swift */; };
		4C1401B91CF5BAC000E34ADB /* StatusCellTopView.swift in Sources */ = {isa = PBXBuildFile; fileRef = 4C1401B81CF5BAC000E34ADB /* StatusCellTopView.swift */; };
		4C1401BB1CF5BACF00E34ADB /* StatusCellBottomView.swift in Sources */ = {isa = PBXBuildFile; fileRef = 4C1401BA1CF5BACF00E34ADB /* StatusCellBottomView.swift */; };
		4C1A99301CF6F0CF00D7CE9E /* StatusPictureView.swift in Sources */ = {isa = PBXBuildFile; fileRef = 4C1A992F1CF6F0CF00D7CE9E /* StatusPictureView.swift */; };
		4C1A99321CF7EF5100D7CE9E /* ForwardCell.swift in Sources */ = {isa = PBXBuildFile; fileRef = 4C1A99311CF7EF5100D7CE9E /* ForwardCell.swift */; };
		4C1A99341CF827D100D7CE9E /* NormallCell.swift in Sources */ = {isa = PBXBuildFile; fileRef = 4C1A99331CF827D100D7CE9E /* NormallCell.swift */; };
		4C1B93E31CF34846001CDFF5 /* NewFeatureVC.swift in Sources */ = {isa = PBXBuildFile; fileRef = 4C1B93E21CF34846001CDFF5 /* NewFeatureVC.swift */; };
		4C349F981CE4946000B7C0E3 /* HomeTableViewController.swift in Sources */ = {isa = PBXBuildFile; fileRef = 4C349F971CE4946000B7C0E3 /* HomeTableViewController.swift */; };
		4C349F9A1CE4946F00B7C0E3 /* MessagesTableViewController.swift in Sources */ = {isa = PBXBuildFile; fileRef = 4C349F991CE4946F00B7C0E3 /* MessagesTableViewController.swift */; };
		4C349F9C1CE4947B00B7C0E3 /* DiscoverTableViewController.swift in Sources */ = {isa = PBXBuildFile; fileRef = 4C349F9B1CE4947B00B7C0E3 /* DiscoverTableViewController.swift */; };
		4C349F9E1CE4948500B7C0E3 /* ProfileTableViewController.swift in Sources */ = {isa = PBXBuildFile; fileRef = 4C349F9D1CE4948500B7C0E3 /* ProfileTableViewController.swift */; };
		4C3BB0C21CEC53F800A21E8F /* VistorLoginView.swift in Sources */ = {isa = PBXBuildFile; fileRef = 4C3BB0C11CEC53F800A21E8F /* VistorLoginView.swift */; };
		4C4A69541CFD86B700CCE254 /* UIBarButtonItem+Extension.swift in Sources */ = {isa = PBXBuildFile; fileRef = 4C4A69531CFD86B700CCE254 /* UIBarButtonItem+Extension.swift */; };
		4C6C5C761D198F1F00054A27 /* NSDate+Extension.swift in Sources */ = {isa = PBXBuildFile; fileRef = 4C6C5C751D198F1F00054A27 /* NSDate+Extension.swift */; };
		4C72EE981CFFCEE50053DC0B /* UIImage+Extension.swift in Sources */ = {isa = PBXBuildFile; fileRef = 4C72EE971CFFCEE50053DC0B /* UIImage+Extension.swift */; };
		4C72EE9B1CFFCF2A0053DC0B /* PictureSelectorVC.swift in Sources */ = {isa = PBXBuildFile; fileRef = 4C72EE9A1CFFCF2A0053DC0B /* PictureSelectorVC.swift */; };
		4C75F8F11D0E637D006F9DCF /* EmoticonAttachment.swift in Sources */ = {isa = PBXBuildFile; fileRef = 4C75F8E91D0E637D006F9DCF /* EmoticonAttachment.swift */; };
		4C75F8F21D0E637D006F9DCF /* Emoticons.bundle in Resources */ = {isa = PBXBuildFile; fileRef = 4C75F8EA1D0E637D006F9DCF /* Emoticons.bundle */; };
		4C75F8F31D0E637D006F9DCF /* EmoticonViewController.swift in Sources */ = {isa = PBXBuildFile; fileRef = 4C75F8EB1D0E637D006F9DCF /* EmoticonViewController.swift */; };
		4C75F8F41D0E637D006F9DCF /* Emoticon.swift in Sources */ = {isa = PBXBuildFile; fileRef = 4C75F8ED1D0E637D006F9DCF /* Emoticon.swift */; };
		4C75F8F51D0E637D006F9DCF /* EmoticonPackage.swift in Sources */ = {isa = PBXBuildFile; fileRef = 4C75F8EE1D0E637D006F9DCF /* EmoticonPackage.swift */; };
		4C75F8F61D0E637D006F9DCF /* EmoticonViewModel.swift in Sources */ = {isa = PBXBuildFile; fileRef = 4C75F8EF1D0E637D006F9DCF /* EmoticonViewModel.swift */; };
		4C75F8F71D0E637D006F9DCF /* UITextView+Emoticon.swift in Sources */ = {isa = PBXBuildFile; fileRef = 4C75F8F01D0E637D006F9DCF /* UITextView+Emoticon.swift */; };
		4C839BE91D112E3900A67383 /* PhotoBrowserViewController.swift in Sources */ = {isa = PBXBuildFile; fileRef = 4C839BE81D112E3900A67383 /* PhotoBrowserViewController.swift */; };
		4C839BEB1D11392D00A67383 /* PhotoBrowserCell.swift in Sources */ = {isa = PBXBuildFile; fileRef = 4C839BEA1D11392D00A67383 /* PhotoBrowserCell.swift */; };
		4C839BED1D11422D00A67383 /* UIColor+Extension.swift in Sources */ = {isa = PBXBuildFile; fileRef = 4C839BEC1D11422D00A67383 /* UIColor+Extension.swift */; };
		4C9D1E161CEB3CCC00A7F772 /* BaseTableViewController.swift in Sources */ = {isa = PBXBuildFile; fileRef = 4C9D1E151CEB3CCC00A7F772 /* BaseTableViewController.swift */; };
		4CA944CD1CFFF8BB00DC427B /* ComposeViewController.swift in Sources */ = {isa = PBXBuildFile; fileRef = 4CA944CC1CFFF8BB00DC427B /* ComposeViewController.swift */; };
		4CB1FF3F1D1291DA009DCC8B /* PhotoBrowserAnimator.swift in Sources */ = {isa = PBXBuildFile; fileRef = 4CB1FF3E1D1291DA009DCC8B /* PhotoBrowserAnimator.swift */; };
		4CBC5D511CF2EB0000BE6517 /* UserAccountViewModel.swift in Sources */ = {isa = PBXBuildFile; fileRef = 4CBC5D501CF2EB0000BE6517 /* UserAccountViewModel.swift */; };
		4CDBCCF11D17CF7B00004BB8 /* ProgressImageView.swift in Sources */ = {isa = PBXBuildFile; fileRef = 4CDBCCF01D17CF7B00004BB8 /* ProgressImageView.swift */; };
		4CE335B21D1A6AC9000C50F4 /* String+Extension.swift in Sources */ = {isa = PBXBuildFile; fileRef = 4CE335B11D1A6AC9000C50F4 /* String+Extension.swift */; };
		4CE335B61D1B7C37000C50F4 /* ORcode.storyboard in Resources */ = {isa = PBXBuildFile; fileRef = 4CE335B41D1B7C37000C50F4 /* ORcode.storyboard */; };
		4CE335B71D1B7C37000C50F4 /* ORcodeViewController.swift in Sources */ = {isa = PBXBuildFile; fileRef = 4CE335B51D1B7C37000C50F4 /* ORcodeViewController.swift */; };
		4CE335B91D1B7C4D000C50F4 /* UIStoryboard+Extension.swift in Sources */ = {isa = PBXBuildFile; fileRef = 4CE335B81D1B7C4D000C50F4 /* UIStoryboard+Extension.swift */; };
		4CE9A6261CF93BE80090DFEB /* ZZ_RefreshControl.swift in Sources */ = {isa = PBXBuildFile; fileRef = 4CE9A6251CF93BE80090DFEB /* ZZ_RefreshControl.swift */; };
		4CE9A62A1CF93C2F0090DFEB /* ZZ_RefreshView.xib in Resources */ = {isa = PBXBuildFile; fileRef = 4CE9A6291CF93C2F0090DFEB /* ZZ_RefreshView.xib */; };
		4CEE4B461CEEF1EA002E5338 /* OAuthViewController.swift in Sources */ = {isa = PBXBuildFile; fileRef = 4CEE4B451CEEF1EA002E5338 /* OAuthViewController.swift */; };
		4CEE4B491CEEF5CB002E5338 /* NetworkTools.swift in Sources */ = {isa = PBXBuildFile; fileRef = 4CEE4B481CEEF5CB002E5338 /* NetworkTools.swift */; };
		4CF296EF1CE42E8B0097B999 /* AppDelegate.swift in Sources */ = {isa = PBXBuildFile; fileRef = 4CF296EE1CE42E8B0097B999 /* AppDelegate.swift */; };
		4CF296F61CE42E8B0097B999 /* Assets.xcassets in Resources */ = {isa = PBXBuildFile; fileRef = 4CF296F51CE42E8B0097B999 /* Assets.xcassets */; };
		4CF297101CE46D720097B999 /* MainController.swift in Sources */ = {isa = PBXBuildFile; fileRef = 4CF2970F1CE46D720097B999 /* MainController.swift */; };
		4CF5645F1CF43138005BFBFB /* WelcomeViewController.swift in Sources */ = {isa = PBXBuildFile; fileRef = 4CF5645E1CF43138005BFBFB /* WelcomeViewController.swift */; };
		A30C89B77C55D9EC9067E5CE /* Pods.framework in Frameworks */ = {isa = PBXBuildFile; fileRef = A0CD8A6A2723AF990B207EF8 /* Pods.framework */; };
/* End PBXBuildFile section */

/* Begin PBXFileReference section */
		24432A91D856A58C226F7CDD /* Pods.debug.xcconfig */ = {isa = PBXFileReference; includeInIndex = 1; lastKnownFileType = text.xcconfig; name = Pods.debug.xcconfig; path = "Pods/Target Support Files/Pods/Pods.debug.xcconfig"; sourceTree = "<group>"; };
		4C00BC631CF6B5AB008DE973 /* UIButton+Extension.swift */ = {isa = PBXFileReference; fileEncoding = 4; lastKnownFileType = sourcecode.swift; path = "UIButton+Extension.swift"; sourceTree = "<group>"; };
		4C054FC21CF49C73002DF5D2 /* Status.swift */ = {isa = PBXFileReference; fileEncoding = 4; lastKnownFileType = sourcecode.swift; path = Status.swift; sourceTree = "<group>"; };
		4C054FC41CF49E45002DF5D2 /* StatusListViewModel.swift */ = {isa = PBXFileReference; fileEncoding = 4; lastKnownFileType = sourcecode.swift; path = StatusListViewModel.swift; sourceTree = "<group>"; };
		4C054FC71CF5F4EC002DF5D2 /* UILabel+Extension.swift */ = {isa = PBXFileReference; fileEncoding = 4; lastKnownFileType = sourcecode.swift; path = "UILabel+Extension.swift"; sourceTree = "<group>"; };
		4C054FC91CF5F991002DF5D2 /* User.swift */ = {isa = PBXFileReference; fileEncoding = 4; lastKnownFileType = sourcecode.swift; path = User.swift; sourceTree = "<group>"; };
		4C054FCB1CF60499002DF5D2 /* StatusViewModel.swift */ = {isa = PBXFileReference; fileEncoding = 4; lastKnownFileType = sourcecode.swift; path = StatusViewModel.swift; sourceTree = "<group>"; };
		4C0555D41CF05C05002FEFEF /* CommTools.swift */ = {isa = PBXFileReference; fileEncoding = 4; lastKnownFileType = sourcecode.swift; path = CommTools.swift; sourceTree = "<group>"; };
		4C0555D61CF06599002FEFEF /* UserAccount.swift */ = {isa = PBXFileReference; fileEncoding = 4; lastKnownFileType = sourcecode.swift; path = UserAccount.swift; sourceTree = "<group>"; };
		4C1401B11CF5499C00E34ADB /* UIView+AutoLayout.swift */ = {isa = PBXFileReference; fileEncoding = 4; lastKnownFileType = sourcecode.swift; path = "UIView+AutoLayout.swift"; sourceTree = "<group>"; };
		4C1401B31CF5903300E34ADB /* BaseModel.swift */ = {isa = PBXFileReference; fileEncoding = 4; lastKnownFileType = sourcecode.swift; path = BaseModel.swift; sourceTree = "<group>"; };
		4C1401B61CF5B9DB00E34ADB /* StatusCell.swift */ = {isa = PBXFileReference; fileEncoding = 4; lastKnownFileType = sourcecode.swift; path = StatusCell.swift; sourceTree = "<group>"; };
		4C1401B81CF5BAC000E34ADB /* StatusCellTopView.swift */ = {isa = PBXFileReference; fileEncoding = 4; lastKnownFileType = sourcecode.swift; path = StatusCellTopView.swift; sourceTree = "<group>"; };
		4C1401BA1CF5BACF00E34ADB /* StatusCellBottomView.swift */ = {isa = PBXFileReference; fileEncoding = 4; lastKnownFileType = sourcecode.swift; path = StatusCellBottomView.swift; sourceTree = "<group>"; };
		4C1A992F1CF6F0CF00D7CE9E /* StatusPictureView.swift */ = {isa = PBXFileReference; fileEncoding = 4; lastKnownFileType = sourcecode.swift; path = StatusPictureView.swift; sourceTree = "<group>"; };
		4C1A99311CF7EF5100D7CE9E /* ForwardCell.swift */ = {isa = PBXFileReference; fileEncoding = 4; lastKnownFileType = sourcecode.swift; path = ForwardCell.swift; sourceTree = "<group>"; };
		4C1A99331CF827D100D7CE9E /* NormallCell.swift */ = {isa = PBXFileReference; fileEncoding = 4; lastKnownFileType = sourcecode.swift; path = NormallCell.swift; sourceTree = "<group>"; };
		4C1B93E21CF34846001CDFF5 /* NewFeatureVC.swift */ = {isa = PBXFileReference; fileEncoding = 4; lastKnownFileType = sourcecode.swift; path = NewFeatureVC.swift; sourceTree = "<group>"; };
		4C349F971CE4946000B7C0E3 /* HomeTableViewController.swift */ = {isa = PBXFileReference; fileEncoding = 4; lastKnownFileType = sourcecode.swift; path = HomeTableViewController.swift; sourceTree = "<group>"; };
		4C349F991CE4946F00B7C0E3 /* MessagesTableViewController.swift */ = {isa = PBXFileReference; fileEncoding = 4; lastKnownFileType = sourcecode.swift; path = MessagesTableViewController.swift; sourceTree = "<group>"; };
		4C349F9B1CE4947B00B7C0E3 /* DiscoverTableViewController.swift */ = {isa = PBXFileReference; fileEncoding = 4; lastKnownFileType = sourcecode.swift; path = DiscoverTableViewController.swift; sourceTree = "<group>"; };
		4C349F9D1CE4948500B7C0E3 /* ProfileTableViewController.swift */ = {isa = PBXFileReference; fileEncoding = 4; lastKnownFileType = sourcecode.swift; path = ProfileTableViewController.swift; sourceTree = "<group>"; };
		4C3BB0C11CEC53F800A21E8F /* VistorLoginView.swift */ = {isa = PBXFileReference; fileEncoding = 4; lastKnownFileType = sourcecode.swift; path = VistorLoginView.swift; sourceTree = "<group>"; };
		4C4A69531CFD86B700CCE254 /* UIBarButtonItem+Extension.swift */ = {isa = PBXFileReference; fileEncoding = 4; lastKnownFileType = sourcecode.swift; path = "UIBarButtonItem+Extension.swift"; sourceTree = "<group>"; };
		4C6C5C751D198F1F00054A27 /* NSDate+Extension.swift */ = {isa = PBXFileReference; fileEncoding = 4; lastKnownFileType = sourcecode.swift; path = "NSDate+Extension.swift"; sourceTree = "<group>"; };
		4C72EE971CFFCEE50053DC0B /* UIImage+Extension.swift */ = {isa = PBXFileReference; fileEncoding = 4; lastKnownFileType = sourcecode.swift; path = "UIImage+Extension.swift"; sourceTree = "<group>"; };
		4C72EE9A1CFFCF2A0053DC0B /* PictureSelectorVC.swift */ = {isa = PBXFileReference; fileEncoding = 4; lastKnownFileType = sourcecode.swift; path = PictureSelectorVC.swift; sourceTree = "<group>"; };
		4C75F8E91D0E637D006F9DCF /* EmoticonAttachment.swift */ = {isa = PBXFileReference; fileEncoding = 4; lastKnownFileType = sourcecode.swift; path = EmoticonAttachment.swift; sourceTree = "<group>"; };
		4C75F8EA1D0E637D006F9DCF /* Emoticons.bundle */ = {isa = PBXFileReference; lastKnownFileType = "wrapper.plug-in"; path = Emoticons.bundle; sourceTree = "<group>"; };
		4C75F8EB1D0E637D006F9DCF /* EmoticonViewController.swift */ = {isa = PBXFileReference; fileEncoding = 4; lastKnownFileType = sourcecode.swift; path = EmoticonViewController.swift; sourceTree = "<group>"; };
		4C75F8ED1D0E637D006F9DCF /* Emoticon.swift */ = {isa = PBXFileReference; fileEncoding = 4; lastKnownFileType = sourcecode.swift; path = Emoticon.swift; sourceTree = "<group>"; };
		4C75F8EE1D0E637D006F9DCF /* EmoticonPackage.swift */ = {isa = PBXFileReference; fileEncoding = 4; lastKnownFileType = sourcecode.swift; path = EmoticonPackage.swift; sourceTree = "<group>"; };
		4C75F8EF1D0E637D006F9DCF /* EmoticonViewModel.swift */ = {isa = PBXFileReference; fileEncoding = 4; lastKnownFileType = sourcecode.swift; path = EmoticonViewModel.swift; sourceTree = "<group>"; };
		4C75F8F01D0E637D006F9DCF /* UITextView+Emoticon.swift */ = {isa = PBXFileReference; fileEncoding = 4; lastKnownFileType = sourcecode.swift; path = "UITextView+Emoticon.swift"; sourceTree = "<group>"; };
		4C839BE81D112E3900A67383 /* PhotoBrowserViewController.swift */ = {isa = PBXFileReference; fileEncoding = 4; lastKnownFileType = sourcecode.swift; path = PhotoBrowserViewController.swift; sourceTree = "<group>"; };
		4C839BEA1D11392D00A67383 /* PhotoBrowserCell.swift */ = {isa = PBXFileReference; fileEncoding = 4; lastKnownFileType = sourcecode.swift; path = PhotoBrowserCell.swift; sourceTree = "<group>"; };
		4C839BEC1D11422D00A67383 /* UIColor+Extension.swift */ = {isa = PBXFileReference; fileEncoding = 4; lastKnownFileType = sourcecode.swift; path = "UIColor+Extension.swift"; sourceTree = "<group>"; };
		4C9D1E151CEB3CCC00A7F772 /* BaseTableViewController.swift */ = {isa = PBXFileReference; fileEncoding = 4; lastKnownFileType = sourcecode.swift; path = BaseTableViewController.swift; sourceTree = "<group>"; };
		4CA944CC1CFFF8BB00DC427B /* ComposeViewController.swift */ = {isa = PBXFileReference; fileEncoding = 4; lastKnownFileType = sourcecode.swift; path = ComposeViewController.swift; sourceTree = "<group>"; };
		4CB1FF3E1D1291DA009DCC8B /* PhotoBrowserAnimator.swift */ = {isa = PBXFileReference; fileEncoding = 4; lastKnownFileType = sourcecode.swift; path = PhotoBrowserAnimator.swift; sourceTree = "<group>"; };
		4CBC5D501CF2EB0000BE6517 /* UserAccountViewModel.swift */ = {isa = PBXFileReference; fileEncoding = 4; lastKnownFileType = sourcecode.swift; path = UserAccountViewModel.swift; sourceTree = "<group>"; };
		4CDBCCF01D17CF7B00004BB8 /* ProgressImageView.swift */ = {isa = PBXFileReference; fileEncoding = 4; lastKnownFileType = sourcecode.swift; path = ProgressImageView.swift; sourceTree = "<group>"; };
		4CE335B11D1A6AC9000C50F4 /* String+Extension.swift */ = {isa = PBXFileReference; fileEncoding = 4; lastKnownFileType = sourcecode.swift; path = "String+Extension.swift"; sourceTree = "<group>"; };
		4CE335B41D1B7C37000C50F4 /* ORcode.storyboard */ = {isa = PBXFileReference; fileEncoding = 4; lastKnownFileType = file.storyboard; path = ORcode.storyboard; sourceTree = "<group>"; };
		4CE335B51D1B7C37000C50F4 /* ORcodeViewController.swift */ = {isa = PBXFileReference; fileEncoding = 4; lastKnownFileType = sourcecode.swift; path = ORcodeViewController.swift; sourceTree = "<group>"; };
		4CE335B81D1B7C4D000C50F4 /* UIStoryboard+Extension.swift */ = {isa = PBXFileReference; fileEncoding = 4; lastKnownFileType = sourcecode.swift; path = "UIStoryboard+Extension.swift"; sourceTree = "<group>"; };
		4CE9A6251CF93BE80090DFEB /* ZZ_RefreshControl.swift */ = {isa = PBXFileReference; fileEncoding = 4; lastKnownFileType = sourcecode.swift; path = ZZ_RefreshControl.swift; sourceTree = "<group>"; };
		4CE9A6291CF93C2F0090DFEB /* ZZ_RefreshView.xib */ = {isa = PBXFileReference; fileEncoding = 4; lastKnownFileType = file.xib; path = ZZ_RefreshView.xib; sourceTree = "<group>"; };
		4CEE4B451CEEF1EA002E5338 /* OAuthViewController.swift */ = {isa = PBXFileReference; fileEncoding = 4; lastKnownFileType = sourcecode.swift; path = OAuthViewController.swift; sourceTree = "<group>"; };
		4CEE4B481CEEF5CB002E5338 /* NetworkTools.swift */ = {isa = PBXFileReference; fileEncoding = 4; lastKnownFileType = sourcecode.swift; path = NetworkTools.swift; sourceTree = "<group>"; };
		4CF296EB1CE42E8B0097B999 /* SssWB.app */ = {isa = PBXFileReference; explicitFileType = wrapper.application; includeInIndex = 0; path = SssWB.app; sourceTree = BUILT_PRODUCTS_DIR; };
		4CF296EE1CE42E8B0097B999 /* AppDelegate.swift */ = {isa = PBXFileReference; lastKnownFileType = sourcecode.swift; path = AppDelegate.swift; sourceTree = "<group>"; };
		4CF296F51CE42E8B0097B999 /* Assets.xcassets */ = {isa = PBXFileReference; lastKnownFileType = folder.assetcatalog; path = Assets.xcassets; sourceTree = "<group>"; };
		4CF296FA1CE42E8B0097B999 /* Info.plist */ = {isa = PBXFileReference; lastKnownFileType = text.plist.xml; path = Info.plist; sourceTree = "<group>"; };
		4CF2970F1CE46D720097B999 /* MainController.swift */ = {isa = PBXFileReference; fileEncoding = 4; lastKnownFileType = sourcecode.swift; path = MainController.swift; sourceTree = "<group>"; };
		4CF5645E1CF43138005BFBFB /* WelcomeViewController.swift */ = {isa = PBXFileReference; fileEncoding = 4; lastKnownFileType = sourcecode.swift; path = WelcomeViewController.swift; sourceTree = "<group>"; };
		A0CD8A6A2723AF990B207EF8 /* Pods.framework */ = {isa = PBXFileReference; explicitFileType = wrapper.framework; includeInIndex = 0; path = Pods.framework; sourceTree = BUILT_PRODUCTS_DIR; };
		A7BF55CD6DFBD0D086A6383F /* Pods.release.xcconfig */ = {isa = PBXFileReference; includeInIndex = 1; lastKnownFileType = text.xcconfig; name = Pods.release.xcconfig; path = "Pods/Target Support Files/Pods/Pods.release.xcconfig"; sourceTree = "<group>"; };
/* End PBXFileReference section */

/* Begin PBXFrameworksBuildPhase section */
		4CF296E81CE42E8B0097B999 /* Frameworks */ = {
			isa = PBXFrameworksBuildPhase;
			buildActionMask = 2147483647;
			files = (
				A30C89B77C55D9EC9067E5CE /* Pods.framework in Frameworks */,
			);
			runOnlyForDeploymentPostprocessing = 0;
		};
/* End PBXFrameworksBuildPhase section */

/* Begin PBXGroup section */
		2158D3D7D2098697CBE75CFE /* Pods */ = {
			isa = PBXGroup;
			children = (
				24432A91D856A58C226F7CDD /* Pods.debug.xcconfig */,
				A7BF55CD6DFBD0D086A6383F /* Pods.release.xcconfig */,
			);
			name = Pods;
			sourceTree = "<group>";
		};
		4C054FC61CF5F4D7002DF5D2 /* extensions(扩展) */ = {
			isa = PBXGroup;
			children = (
				4CE335B81D1B7C4D000C50F4 /* UIStoryboard+Extension.swift */,
				4C72EE971CFFCEE50053DC0B /* UIImage+Extension.swift */,
				4C054FC71CF5F4EC002DF5D2 /* UILabel+Extension.swift */,
				4C00BC631CF6B5AB008DE973 /* UIButton+Extension.swift */,
				4C4A69531CFD86B700CCE254 /* UIBarButtonItem+Extension.swift */,
				4C839BEC1D11422D00A67383 /* UIColor+Extension.swift */,
				4C6C5C751D198F1F00054A27 /* NSDate+Extension.swift */,
				4CE335B11D1A6AC9000C50F4 /* String+Extension.swift */,
			);
			name = "extensions(扩展)";
			path = extensions;
			sourceTree = "<group>";
		};
		4C1401B51CF5B9C700E34ADB /* StatusCell */ = {
			isa = PBXGroup;
			children = (
				4C1401B61CF5B9DB00E34ADB /* StatusCell.swift */,
				4C1A99331CF827D100D7CE9E /* NormallCell.swift */,
				4C1A99311CF7EF5100D7CE9E /* ForwardCell.swift */,
				4C1A992F1CF6F0CF00D7CE9E /* StatusPictureView.swift */,
				4C1401B81CF5BAC000E34ADB /* StatusCellTopView.swift */,
				4C1401BA1CF5BACF00E34ADB /* StatusCellBottomView.swift */,
			);
			path = StatusCell;
			sourceTree = "<group>";
		};
		4C1B93E11CF347B7001CDFF5 /* NewFeature(新特性) */ = {
			isa = PBXGroup;
			children = (
				4C1B93E21CF34846001CDFF5 /* NewFeatureVC.swift */,
				4CF5645E1CF43138005BFBFB /* WelcomeViewController.swift */,
			);
			name = "NewFeature(新特性)";
			path = NewFeature;
			sourceTree = "<group>";
		};
		4C4A69501CFD652200CCE254 /* Compose */ = {
			isa = PBXGroup;
			children = (
				4C72EE991CFFCF2A0053DC0B /* PictureSelector */,
				4CA944CC1CFFF8BB00DC427B /* ComposeViewController.swift */,
			);
			path = Compose;
			sourceTree = "<group>";
		};
		4C72EE991CFFCF2A0053DC0B /* PictureSelector */ = {
			isa = PBXGroup;
			children = (
				4C72EE9A1CFFCF2A0053DC0B /* PictureSelectorVC.swift */,
			);
			path = PictureSelector;
			sourceTree = "<group>";
		};
		4C75F8E81D0E637D006F9DCF /* EmoticonKeyboard */ = {
			isa = PBXGroup;
			children = (
				4C75F8E91D0E637D006F9DCF /* EmoticonAttachment.swift */,
				4C75F8EA1D0E637D006F9DCF /* Emoticons.bundle */,
				4C75F8EB1D0E637D006F9DCF /* EmoticonViewController.swift */,
				4C75F8EC1D0E637D006F9DCF /* Model */,
				4C75F8F01D0E637D006F9DCF /* UITextView+Emoticon.swift */,
			);
			path = EmoticonKeyboard;
			sourceTree = "<group>";
		};
		4C75F8EC1D0E637D006F9DCF /* Model */ = {
			isa = PBXGroup;
			children = (
				4C75F8ED1D0E637D006F9DCF /* Emoticon.swift */,
				4C75F8EE1D0E637D006F9DCF /* EmoticonPackage.swift */,
				4C75F8EF1D0E637D006F9DCF /* EmoticonViewModel.swift */,
			);
			path = Model;
			sourceTree = "<group>";
		};
		4C839BE71D112E3900A67383 /* PhotoBrowser */ = {
			isa = PBXGroup;
			children = (
				4C839BE81D112E3900A67383 /* PhotoBrowserViewController.swift */,
				4C839BEA1D11392D00A67383 /* PhotoBrowserCell.swift */,
				4CB1FF3E1D1291DA009DCC8B /* PhotoBrowserAnimator.swift */,
				4CDBCCF01D17CF7B00004BB8 /* ProgressImageView.swift */,
			);
			path = PhotoBrowser;
			sourceTree = "<group>";
		};
		4CBC5D4F1CF2EAC200BE6517 /* ViewModel(视图模型) */ = {
			isa = PBXGroup;
			children = (
				4CBC5D501CF2EB0000BE6517 /* UserAccountViewModel.swift */,
				4C054FC41CF49E45002DF5D2 /* StatusListViewModel.swift */,
				4C054FCB1CF60499002DF5D2 /* StatusViewModel.swift */,
			);
			name = "ViewModel(视图模型)";
			path = ViewModel;
			sourceTree = "<group>";
		};
		4CE335B31D1B7C37000C50F4 /* ORcode */ = {
			isa = PBXGroup;
			children = (
				4CE335B41D1B7C37000C50F4 /* ORcode.storyboard */,
				4CE335B51D1B7C37000C50F4 /* ORcodeViewController.swift */,
			);
			path = ORcode;
			sourceTree = "<group>";
		};
		4CE9A6241CF93B690090DFEB /* Refresh */ = {
			isa = PBXGroup;
			children = (
				4CE9A6251CF93BE80090DFEB /* ZZ_RefreshControl.swift */,
				4CE9A6291CF93C2F0090DFEB /* ZZ_RefreshView.xib */,
			);
			path = Refresh;
			sourceTree = "<group>";
		};
		4CEE4B441CEEF1D9002E5338 /* OAuth(登陆) */ = {
			isa = PBXGroup;
			children = (
				4CEE4B451CEEF1EA002E5338 /* OAuthViewController.swift */,
			);
			name = "OAuth(登陆)";
			path = OAuth;
			sourceTree = "<group>";
		};
		4CEE4B471CEEF58B002E5338 /* Tools(工具) */ = {
			isa = PBXGroup;
			children = (
				4C75F8E81D0E637D006F9DCF /* EmoticonKeyboard */,
				4C054FC61CF5F4D7002DF5D2 /* extensions(扩展) */,
				4CEE4B481CEEF5CB002E5338 /* NetworkTools.swift */,
				4C0555D41CF05C05002FEFEF /* CommTools.swift */,
				4C1401B11CF5499C00E34ADB /* UIView+AutoLayout.swift */,
			);
			name = "Tools(工具)";
			path = Tools;
			sourceTree = "<group>";
		};
		4CF296E21CE42E8B0097B999 = {
			isa = PBXGroup;
			children = (
				4CF296ED1CE42E8B0097B999 /* SssWB */,
				4CF296EC1CE42E8B0097B999 /* Products */,
				2158D3D7D2098697CBE75CFE /* Pods */,
				E659B0448151E7F9E40C5B28 /* Frameworks */,
			);
			sourceTree = "<group>";
		};
		4CF296EC1CE42E8B0097B999 /* Products */ = {
			isa = PBXGroup;
			children = (
				4CF296EB1CE42E8B0097B999 /* SssWB.app */,
			);
			name = Products;
			sourceTree = "<group>";
		};
		4CF296ED1CE42E8B0097B999 /* SssWB */ = {
			isa = PBXGroup;
			children = (
				4CF297001CE4606C0097B999 /* Classes */,
				4CF296EE1CE42E8B0097B999 /* AppDelegate.swift */,
				4CF296F51CE42E8B0097B999 /* Assets.xcassets */,
				4CF296FA1CE42E8B0097B999 /* Info.plist */,
			);
			path = SssWB;
			sourceTree = "<group>";
		};
		4CF297001CE4606C0097B999 /* Classes */ = {
			isa = PBXGroup;
			children = (
				4CBC5D4F1CF2EAC200BE6517 /* ViewModel(视图模型) */,
				4CF297011CE4606C0097B999 /* Model(模型) */,
				4CEE4B471CEEF58B002E5338 /* Tools(工具) */,
				4CF297021CE4606C0097B999 /* Module(功能模块) */,
			);
			path = Classes;
			sourceTree = "<group>";
		};
		4CF297011CE4606C0097B999 /* Model(模型) */ = {
			isa = PBXGroup;
			children = (
				4C0555D61CF06599002FEFEF /* UserAccount.swift */,
				4C054FC21CF49C73002DF5D2 /* Status.swift */,
				4C1401B31CF5903300E34ADB /* BaseModel.swift */,
				4C054FC91CF5F991002DF5D2 /* User.swift */,
			);
			name = "Model(模型)";
			path = Model;
			sourceTree = "<group>";
		};
		4CF297021CE4606C0097B999 /* Module(功能模块) */ = {
			isa = PBXGroup;
			children = (
				4CE335B31D1B7C37000C50F4 /* ORcode */,
				4C839BE71D112E3900A67383 /* PhotoBrowser */,
				4C4A69501CFD652200CCE254 /* Compose */,
				4C1B93E11CF347B7001CDFF5 /* NewFeature(新特性) */,
				4CEE4B441CEEF1D9002E5338 /* OAuth(登陆) */,
				4CF2970C1CE46AFA0097B999 /* Main(基类) */,
				4CF2970B1CE46AFA0097B999 /* Home(微博首页) */,
				4CF2970D1CE46AFA0097B999 /* Messages */,
				4CF2970A1CE46AFA0097B999 /* Discover */,
				4CF2970E1CE46AFA0097B999 /* Profile */,
			);
			name = "Module(功能模块)";
			path = Module;
			sourceTree = "<group>";
		};
		4CF2970A1CE46AFA0097B999 /* Discover */ = {
			isa = PBXGroup;
			children = (
				4C349F9B1CE4947B00B7C0E3 /* DiscoverTableViewController.swift */,
			);
			path = Discover;
			sourceTree = "<group>";
		};
		4CF2970B1CE46AFA0097B999 /* Home(微博首页) */ = {
			isa = PBXGroup;
			children = (
				4CE9A6241CF93B690090DFEB /* Refresh */,
				4C1401B51CF5B9C700E34ADB /* StatusCell */,
				4C349F971CE4946000B7C0E3 /* HomeTableViewController.swift */,
			);
			name = "Home(微博首页)";
			path = Home;
			sourceTree = "<group>";
		};
		4CF2970C1CE46AFA0097B999 /* Main(基类) */ = {
			isa = PBXGroup;
			children = (
				4CF2970F1CE46D720097B999 /* MainController.swift */,
				4C9D1E151CEB3CCC00A7F772 /* BaseTableViewController.swift */,
				4C3BB0C11CEC53F800A21E8F /* VistorLoginView.swift */,
			);
			name = "Main(基类)";
			path = Main;
			sourceTree = "<group>";
		};
		4CF2970D1CE46AFA0097B999 /* Messages */ = {
			isa = PBXGroup;
			children = (
				4C349F991CE4946F00B7C0E3 /* MessagesTableViewController.swift */,
			);
			path = Messages;
			sourceTree = "<group>";
		};
		4CF2970E1CE46AFA0097B999 /* Profile */ = {
			isa = PBXGroup;
			children = (
				4C349F9D1CE4948500B7C0E3 /* ProfileTableViewController.swift */,
			);
			path = Profile;
			sourceTree = "<group>";
		};
		E659B0448151E7F9E40C5B28 /* Frameworks */ = {
			isa = PBXGroup;
			children = (
				A0CD8A6A2723AF990B207EF8 /* Pods.framework */,
			);
			name = Frameworks;
			sourceTree = "<group>";
		};
/* End PBXGroup section */

/* Begin PBXNativeTarget section */
		4CF296EA1CE42E8B0097B999 /* SssWB */ = {
			isa = PBXNativeTarget;
			buildConfigurationList = 4CF296FD1CE42E8B0097B999 /* Build configuration list for PBXNativeTarget "SssWB" */;
			buildPhases = (
				197273224868FA50313BE96C /* Check Pods Manifest.lock */,
				4CF296E71CE42E8B0097B999 /* Sources */,
				4CF296E81CE42E8B0097B999 /* Frameworks */,
				4CF296E91CE42E8B0097B999 /* Resources */,
				EEF7D23DCF61B26B26422A34 /* Embed Pods Frameworks */,
				6E3033C35511E2D43D6F53E2 /* Copy Pods Resources */,
			);
			buildRules = (
			);
			dependencies = (
			);
			name = SssWB;
			productName = SssWB;
			productReference = 4CF296EB1CE42E8B0097B999 /* SssWB.app */;
			productType = "com.apple.product-type.application";
		};
/* End PBXNativeTarget section */

/* Begin PBXProject section */
		4CF296E31CE42E8B0097B999 /* Project object */ = {
			isa = PBXProject;
			attributes = {
				LastSwiftUpdateCheck = 0730;
				LastUpgradeCheck = 0730;
				ORGANIZATIONNAME = yanbo;
				TargetAttributes = {
					4CF296EA1CE42E8B0097B999 = {
						CreatedOnToolsVersion = 7.3;
					};
				};
			};
			buildConfigurationList = 4CF296E61CE42E8B0097B999 /* Build configuration list for PBXProject "SssWB" */;
			compatibilityVersion = "Xcode 3.2";
			developmentRegion = English;
			hasScannedForEncodings = 0;
			knownRegions = (
				en,
				Base,
			);
			mainGroup = 4CF296E21CE42E8B0097B999;
			productRefGroup = 4CF296EC1CE42E8B0097B999 /* Products */;
			projectDirPath = "";
			projectRoot = "";
			targets = (
				4CF296EA1CE42E8B0097B999 /* SssWB */,
			);
		};
/* End PBXProject section */

/* Begin PBXResourcesBuildPhase section */
		4CF296E91CE42E8B0097B999 /* Resources */ = {
			isa = PBXResourcesBuildPhase;
			buildActionMask = 2147483647;
			files = (
				4CE335B61D1B7C37000C50F4 /* ORcode.storyboard in Resources */,
				4CE9A62A1CF93C2F0090DFEB /* ZZ_RefreshView.xib in Resources */,
				4C75F8F21D0E637D006F9DCF /* Emoticons.bundle in Resources */,
				4CF296F61CE42E8B0097B999 /* Assets.xcassets in Resources */,
			);
			runOnlyForDeploymentPostprocessing = 0;
		};
/* End PBXResourcesBuildPhase section */

/* Begin PBXShellScriptBuildPhase section */
		197273224868FA50313BE96C /* Check Pods Manifest.lock */ = {
			isa = PBXShellScriptBuildPhase;
			buildActionMask = 2147483647;
			files = (
			);
			inputPaths = (
			);
			name = "Check Pods Manifest.lock";
			outputPaths = (
			);
			runOnlyForDeploymentPostprocessing = 0;
			shellPath = /bin/sh;
			shellScript = "diff \"${PODS_ROOT}/../Podfile.lock\" \"${PODS_ROOT}/Manifest.lock\" > /dev/null\nif [[ $? != 0 ]] ; then\n    cat << EOM\nerror: The sandbox is not in sync with the Podfile.lock. Run 'pod install' or update your CocoaPods installation.\nEOM\n    exit 1\nfi\n";
			showEnvVarsInLog = 0;
		};
		6E3033C35511E2D43D6F53E2 /* Copy Pods Resources */ = {
			isa = PBXShellScriptBuildPhase;
			buildActionMask = 2147483647;
			files = (
			);
			inputPaths = (
			);
			name = "Copy Pods Resources";
			outputPaths = (
			);
			runOnlyForDeploymentPostprocessing = 0;
			shellPath = /bin/sh;
			shellScript = "\"${SRCROOT}/Pods/Target Support Files/Pods/Pods-resources.sh\"\n";
			showEnvVarsInLog = 0;
		};
		EEF7D23DCF61B26B26422A34 /* Embed Pods Frameworks */ = {
			isa = PBXShellScriptBuildPhase;
			buildActionMask = 2147483647;
			files = (
			);
			inputPaths = (
			);
			name = "Embed Pods Frameworks";
			outputPaths = (
			);
			runOnlyForDeploymentPostprocessing = 0;
			shellPath = /bin/sh;
			shellScript = "\"${SRCROOT}/Pods/Target Support Files/Pods/Pods-frameworks.sh\"\n";
			showEnvVarsInLog = 0;
		};
/* End PBXShellScriptBuildPhase section */

/* Begin PBXSourcesBuildPhase section */
		4CF296E71CE42E8B0097B999 /* Sources */ = {
			isa = PBXSourcesBuildPhase;
			buildActionMask = 2147483647;
			files = (
				4C75F8F11D0E637D006F9DCF /* EmoticonAttachment.swift in Sources */,
				4C4A69541CFD86B700CCE254 /* UIBarButtonItem+Extension.swift in Sources */,
				4C75F8F41D0E637D006F9DCF /* Emoticon.swift in Sources */,
				4CBC5D511CF2EB0000BE6517 /* UserAccountViewModel.swift in Sources */,
				4C6C5C761D198F1F00054A27 /* NSDate+Extension.swift in Sources */,
				4C0555D51CF05C05002FEFEF /* CommTools.swift in Sources */,
				4C1401B21CF5499C00E34ADB /* UIView+AutoLayout.swift in Sources */,
				4C054FC81CF5F4EC002DF5D2 /* UILabel+Extension.swift in Sources */,
				4C1B93E31CF34846001CDFF5 /* NewFeatureVC.swift in Sources */,
				4C1A99321CF7EF5100D7CE9E /* ForwardCell.swift in Sources */,
				4C1A99301CF6F0CF00D7CE9E /* StatusPictureView.swift in Sources */,
				4C72EE981CFFCEE50053DC0B /* UIImage+Extension.swift in Sources */,
				4C349F9E1CE4948500B7C0E3 /* ProfileTableViewController.swift in Sources */,
				4CEE4B461CEEF1EA002E5338 /* OAuthViewController.swift in Sources */,
				4CA944CD1CFFF8BB00DC427B /* ComposeViewController.swift in Sources */,
				4CEE4B491CEEF5CB002E5338 /* NetworkTools.swift in Sources */,
				4CE335B71D1B7C37000C50F4 /* ORcodeViewController.swift in Sources */,
				4C1A99341CF827D100D7CE9E /* NormallCell.swift in Sources */,
				4C839BED1D11422D00A67383 /* UIColor+Extension.swift in Sources */,
				4CDBCCF11D17CF7B00004BB8 /* ProgressImageView.swift in Sources */,
				4C1401BB1CF5BACF00E34ADB /* StatusCellBottomView.swift in Sources */,
				4CF5645F1CF43138005BFBFB /* WelcomeViewController.swift in Sources */,
				4C349F981CE4946000B7C0E3 /* HomeTableViewController.swift in Sources */,
				4C75F8F71D0E637D006F9DCF /* UITextView+Emoticon.swift in Sources */,
				4CF297101CE46D720097B999 /* MainController.swift in Sources */,
				4CB1FF3F1D1291DA009DCC8B /* PhotoBrowserAnimator.swift in Sources */,
				4C839BEB1D11392D00A67383 /* PhotoBrowserCell.swift in Sources */,
				4CE335B91D1B7C4D000C50F4 /* UIStoryboard+Extension.swift in Sources */,
				4C054FC31CF49C73002DF5D2 /* Status.swift in Sources */,
				4C3BB0C21CEC53F800A21E8F /* VistorLoginView.swift in Sources */,
				4C9D1E161CEB3CCC00A7F772 /* BaseTableViewController.swift in Sources */,
				4C00BC641CF6B5AB008DE973 /* UIButton+Extension.swift in Sources */,
				4C0555D71CF06599002FEFEF /* UserAccount.swift in Sources */,
				4C1401B91CF5BAC000E34ADB /* StatusCellTopView.swift in Sources */,
				4C75F8F51D0E637D006F9DCF /* EmoticonPackage.swift in Sources */,
				4CE9A6261CF93BE80090DFEB /* ZZ_RefreshControl.swift in Sources */,
				4CF296EF1CE42E8B0097B999 /* AppDelegate.swift in Sources */,
				4C1401B71CF5B9DB00E34ADB /* StatusCell.swift in Sources */,
				4C75F8F31D0E637D006F9DCF /* EmoticonViewController.swift in Sources */,
				4C349F9C1CE4947B00B7C0E3 /* DiscoverTableViewController.swift in Sources */,
				4C054FCA1CF5F991002DF5D2 /* User.swift in Sources */,
				4CE335B21D1A6AC9000C50F4 /* String+Extension.swift in Sources */,
				4C054FCC1CF60499002DF5D2 /* StatusViewModel.swift in Sources */,
				4C72EE9B1CFFCF2A0053DC0B /* PictureSelectorVC.swift in Sources */,
				4C1401B41CF5903300E34ADB /* BaseModel.swift in Sources */,
				4C839BE91D112E3900A67383 /* PhotoBrowserViewController.swift in Sources */,
				4C349F9A1CE4946F00B7C0E3 /* MessagesTableViewController.swift in Sources */,
				4C75F8F61D0E637D006F9DCF /* EmoticonViewModel.swift in Sources */,
				4C054FC51CF49E45002DF5D2 /* StatusListViewModel.swift in Sources */,
			);
			runOnlyForDeploymentPostprocessing = 0;
		};
/* End PBXSourcesBuildPhase section */

/* Begin XCBuildConfiguration section */
		4CF296FB1CE42E8B0097B999 /* Debug */ = {
			isa = XCBuildConfiguration;
			buildSettings = {
				ALWAYS_SEARCH_USER_PATHS = NO;
				CLANG_ANALYZER_NONNULL = YES;
				CLANG_CXX_LANGUAGE_STANDARD = "gnu++0x";
				CLANG_CXX_LIBRARY = "libc++";
				CLANG_ENABLE_MODULES = YES;
				CLANG_ENABLE_OBJC_ARC = YES;
				CLANG_WARN_BOOL_CONVERSION = YES;
				CLANG_WARN_CONSTANT_CONVERSION = YES;
				CLANG_WARN_DIRECT_OBJC_ISA_USAGE = YES_ERROR;
				CLANG_WARN_EMPTY_BODY = YES;
				CLANG_WARN_ENUM_CONVERSION = YES;
				CLANG_WARN_INT_CONVERSION = YES;
				CLANG_WARN_OBJC_ROOT_CLASS = YES_ERROR;
				CLANG_WARN_UNREACHABLE_CODE = YES;
				CLANG_WARN__DUPLICATE_METHOD_MATCH = YES;
				"CODE_SIGN_IDENTITY[sdk=iphoneos*]" = "iPhone Developer";
				COPY_PHASE_STRIP = NO;
				DEBUG_INFORMATION_FORMAT = dwarf;
				ENABLE_STRICT_OBJC_MSGSEND = YES;
				ENABLE_TESTABILITY = YES;
				GCC_C_LANGUAGE_STANDARD = gnu99;
				GCC_DYNAMIC_NO_PIC = NO;
				GCC_NO_COMMON_BLOCKS = YES;
				GCC_OPTIMIZATION_LEVEL = 0;
				GCC_PREPROCESSOR_DEFINITIONS = (
					"DEBUG=1",
					"$(inherited)",
				);
				GCC_WARN_64_TO_32_BIT_CONVERSION = YES;
				GCC_WARN_ABOUT_RETURN_TYPE = YES_ERROR;
				GCC_WARN_UNDECLARED_SELECTOR = YES;
				GCC_WARN_UNINITIALIZED_AUTOS = YES_AGGRESSIVE;
				GCC_WARN_UNUSED_FUNCTION = YES;
				GCC_WARN_UNUSED_VARIABLE = YES;
				IPHONEOS_DEPLOYMENT_TARGET = 9.3;
				MTL_ENABLE_DEBUG_INFO = YES;
				ONLY_ACTIVE_ARCH = YES;
				SDKROOT = iphoneos;
				SWIFT_OPTIMIZATION_LEVEL = "-Onone";
				TARGETED_DEVICE_FAMILY = "1,2";
			};
			name = Debug;
		};
		4CF296FC1CE42E8B0097B999 /* Release */ = {
			isa = XCBuildConfiguration;
			buildSettings = {
				ALWAYS_SEARCH_USER_PATHS = NO;
				CLANG_ANALYZER_NONNULL = YES;
				CLANG_CXX_LANGUAGE_STANDARD = "gnu++0x";
				CLANG_CXX_LIBRARY = "libc++";
				CLANG_ENABLE_MODULES = YES;
				CLANG_ENABLE_OBJC_ARC = YES;
				CLANG_WARN_BOOL_CONVERSION = YES;
				CLANG_WARN_CONSTANT_CONVERSION = YES;
				CLANG_WARN_DIRECT_OBJC_ISA_USAGE = YES_ERROR;
				CLANG_WARN_EMPTY_BODY = YES;
				CLANG_WARN_ENUM_CONVERSION = YES;
				CLANG_WARN_INT_CONVERSION = YES;
				CLANG_WARN_OBJC_ROOT_CLASS = YES_ERROR;
				CLANG_WARN_UNREACHABLE_CODE = YES;
				CLANG_WARN__DUPLICATE_METHOD_MATCH = YES;
				"CODE_SIGN_IDENTITY[sdk=iphoneos*]" = "iPhone Developer";
				COPY_PHASE_STRIP = NO;
				DEBUG_INFORMATION_FORMAT = "dwarf-with-dsym";
				ENABLE_NS_ASSERTIONS = NO;
				ENABLE_STRICT_OBJC_MSGSEND = YES;
				GCC_C_LANGUAGE_STANDARD = gnu99;
				GCC_NO_COMMON_BLOCKS = YES;
				GCC_WARN_64_TO_32_BIT_CONVERSION = YES;
				GCC_WARN_ABOUT_RETURN_TYPE = YES_ERROR;
				GCC_WARN_UNDECLARED_SELECTOR = YES;
				GCC_WARN_UNINITIALIZED_AUTOS = YES_AGGRESSIVE;
				GCC_WARN_UNUSED_FUNCTION = YES;
				GCC_WARN_UNUSED_VARIABLE = YES;
				IPHONEOS_DEPLOYMENT_TARGET = 9.3;
				MTL_ENABLE_DEBUG_INFO = NO;
				SDKROOT = iphoneos;
				TARGETED_DEVICE_FAMILY = "1,2";
				VALIDATE_PRODUCT = YES;
			};
			name = Release;
		};
		4CF296FE1CE42E8B0097B999 /* Debug */ = {
			isa = XCBuildConfiguration;
			baseConfigurationReference = 24432A91D856A58C226F7CDD /* Pods.debug.xcconfig */;
			buildSettings = {
				ASSETCATALOG_COMPILER_APPICON_NAME = AppIcon;
				ASSETCATALOG_COMPILER_LAUNCHIMAGE_NAME = "Brand Assets";
				INFOPLIST_FILE = SssWB/Info.plist;
				IPHONEOS_DEPLOYMENT_TARGET = 8.0;
				LD_RUNPATH_SEARCH_PATHS = "$(inherited) @executable_path/Frameworks";
				OTHER_SWIFT_FLAGS = "$(inherited) \"-D\" \"COCOAPODS\" -D DEBUG";
				PRODUCT_BUNDLE_IDENTIFIER = com.meicai.cn.SssWB;
				PRODUCT_NAME = "$(TARGET_NAME)";
				TARGETED_DEVICE_FAMILY = 1;
			};
			name = Debug;
		};
		4CF296FF1CE42E8B0097B999 /* Release */ = {
			isa = XCBuildConfiguration;
			baseConfigurationReference = A7BF55CD6DFBD0D086A6383F /* Pods.release.xcconfig */;
			buildSettings = {
				ASSETCATALOG_COMPILER_APPICON_NAME = AppIcon;
				ASSETCATALOG_COMPILER_LAUNCHIMAGE_NAME = "Brand Assets";
				INFOPLIST_FILE = SssWB/Info.plist;
				IPHONEOS_DEPLOYMENT_TARGET = 8.0;
				LD_RUNPATH_SEARCH_PATHS = "$(inherited) @executable_path/Frameworks";
				OTHER_SWIFT_FLAGS = "$(inherited) \"-D\" \"COCOAPODS\" -D DEBUG";
				PRODUCT_BUNDLE_IDENTIFIER = com.meicai.cn.SssWB;
				PRODUCT_NAME = "$(TARGET_NAME)";
				TARGETED_DEVICE_FAMILY = 1;
			};
			name = Release;
		};
/* End XCBuildConfiguration section */

/* Begin XCConfigurationList section */
		4CF296E61CE42E8B0097B999 /* Build configuration list for PBXProject "SssWB" */ = {
			isa = XCConfigurationList;
			buildConfigurations = (
				4CF296FB1CE42E8B0097B999 /* Debug */,
				4CF296FC1CE42E8B0097B999 /* Release */,
			);
			defaultConfigurationIsVisible = 0;
			defaultConfigurationName = Release;
		};
		4CF296FD1CE42E8B0097B999 /* Build configuration list for PBXNativeTarget "SssWB" */ = {
			isa = XCConfigurationList;
			buildConfigurations = (
				4CF296FE1CE42E8B0097B999 /* Debug */,
				4CF296FF1CE42E8B0097B999 /* Release */,
			);
			defaultConfigurationIsVisible = 0;
			defaultConfigurationName = Release;
		};
/* End XCConfigurationList section */
	};
	rootObject = 4CF296E31CE42E8B0097B999 /* Project object */;
}
